
Microsoft Visual Studio Solution File, Format Version 12.00
# Visual Studio Version 17
VisualStudioVersion = 17.8.34525.116
MinimumVisualStudioVersion = 10.0.40219.1
Project("{FAE04EC0-301F-11D3-BF4B-00C04F79EFBC}") = "TrackWise", "TrackWise\TrackWise.csproj", "{47E0643A-8DC3-4B86-AD70-787E1E5D243D}"
EndProject
Global
	GlobalSection(SolutionConfigurationPlatforms) = preSolution
		Debug|Any CPU = Debug|Any CPU
		Release|Any CPU = Release|Any CPU
	EndGlobalSection
	GlobalSection(ProjectConfigurationPlatforms) = postSolution
		{47E0643A-8DC3-4B86-AD70-787E1E5D243D}.Debug|Any CPU.ActiveCfg = Debug|Any CPU
		{47E0643A-8DC3-4B86-AD70-787E1E5D243D}.Debug|Any CPU.Build.0 = Debug|Any CPU
		{47E0643A-8DC3-4B86-AD70-787E1E5D243D}.Release|Any CPU.ActiveCfg = Release|Any CPU
		{47E0643A-8DC3-4B86-AD70-787E1E5D243D}.Release|Any CPU.Build.0 = Release|Any CPU
	EndGlobalSection
	GlobalSection(SolutionProperties) = preSolution
		HideSolutionNode = FALSE
	EndGlobalSection
	GlobalSection(ExtensibilityGlobals) = postSolution
		SolutionGuid = {2AF68BC2-A1AE-4E26-918E-C115D3F9B65A}
	EndGlobalSection
EndGlobal
